
Microsoft Visual Studio Solution File, Format Version 12.00
# Visual Studio Version 16
VisualStudioVersion = 16.0.32802.440
MinimumVisualStudioVersion = 10.0.40219.1
Project("{FAE04EC0-301F-11D3-BF4B-00C04F79EFBC}") = "Tyuiu.SavitskiyDN.ConsoleApp.Lab0.V0", "Tyuiu.SavitskiyDN.ConsoleApp\Tyuiu.SavitskiyDN.ConsoleApp.Lab0.V0.csproj", "{99879012-B121-43BD-A495-5DC600CF8C81}"
EndProject
Project("{2150E333-8FDC-42A3-9474-1A3956D46DE8}") = "Lab0", "Lab0", "{DCDD6CEA-8978-42F7-94F8-CD4B9672634D}"
EndProject
Project("{FAE04EC0-301F-11D3-BF4B-00C04F79EFBC}") = "Tyuiu.SavitskiyDN.ConsoleApp.Lab0.V0.Lib", "Tyuiu.SavitskiyDN.ConsoleApp.Lab0.V0.Lib\Tyuiu.SavitskiyDN.ConsoleApp.Lab0.V0.Lib.csproj", "{D155051D-0FB1-407B-AD46-8A9F9793A3FF}"
EndProject
Project("{FAE04EC0-301F-11D3-BF4B-00C04F79EFBC}") = "Tyuiu.SavitskiyDN.ConsoleApp.Lab0.V0.Test", "Tyuiu.SavitskiyDN.ConsoleApp.Lab0.V0.Test\Tyuiu.SavitskiyDN.ConsoleApp.Lab0.V0.Test.csproj", "{C4AF34E7-7765-421E-BFB8-21C262E85183}"
EndProject
Project("{2150E333-8FDC-42A3-9474-1A3956D46DE8}") = "Lab1", "Lab1", "{5CE13385-3A06-448C-B9A7-8C3F270E301A}"
EndProject
Project("{FAE04EC0-301F-11D3-BF4B-00C04F79EFBC}") = "Tyuiu.SavitskiyDN.ConsoleApp.Lab1.V10", "Tyuiu.SavitskiyDN.ConsoleApp.Lab1.V10\Tyuiu.SavitskiyDN.ConsoleApp.Lab1.V10.csproj", "{AE7ADE30-7519-4729-BE76-7C03458E24C1}"
EndProject
Project("{FAE04EC0-301F-11D3-BF4B-00C04F79EFBC}") = "Tyuiu.SavitskiyDN.ConsoleApp.Lab1.V10.Lib", "Tyuiu.SavitskiyDN.ConsoleApp.Lab1.V10.Lib\Tyuiu.SavitskiyDN.ConsoleApp.Lab1.V10.Lib.csproj", "{30B30C7C-0A96-49D1-BAF5-FE2CBE036644}"
EndProject
Project("{FAE04EC0-301F-11D3-BF4B-00C04F79EFBC}") = "Tyuiu.SavitskiyDN.ConsoleApp.Lab1.V10.Test", "Tyuiu.SavitskiyDN.ConsoleApp.Lab1.V10.Test\Tyuiu.SavitskiyDN.ConsoleApp.Lab1.V10.Test.csproj", "{07241E39-2D9F-4061-B8E5-1B4419328EEA}"
EndProject
Global
	GlobalSection(SolutionConfigurationPlatforms) = preSolution
		Debug|Any CPU = Debug|Any CPU
		Release|Any CPU = Release|Any CPU
	EndGlobalSection
	GlobalSection(ProjectConfigurationPlatforms) = postSolution
		{99879012-B121-43BD-A495-5DC600CF8C81}.Debug|Any CPU.ActiveCfg = Debug|Any CPU
		{99879012-B121-43BD-A495-5DC600CF8C81}.Debug|Any CPU.Build.0 = Debug|Any CPU
		{99879012-B121-43BD-A495-5DC600CF8C81}.Release|Any CPU.ActiveCfg = Release|Any CPU
		{99879012-B121-43BD-A495-5DC600CF8C81}.Release|Any CPU.Build.0 = Release|Any CPU
		{D155051D-0FB1-407B-AD46-8A9F9793A3FF}.Debug|Any CPU.ActiveCfg = Debug|Any CPU
		{D155051D-0FB1-407B-AD46-8A9F9793A3FF}.Debug|Any CPU.Build.0 = Debug|Any CPU
		{D155051D-0FB1-407B-AD46-8A9F9793A3FF}.Release|Any CPU.ActiveCfg = Release|Any CPU
		{D155051D-0FB1-407B-AD46-8A9F9793A3FF}.Release|Any CPU.Build.0 = Release|Any CPU
		{C4AF34E7-7765-421E-BFB8-21C262E85183}.Debug|Any CPU.ActiveCfg = Debug|Any CPU
		{C4AF34E7-7765-421E-BFB8-21C262E85183}.Debug|Any CPU.Build.0 = Debug|Any CPU
		{C4AF34E7-7765-421E-BFB8-21C262E85183}.Release|Any CPU.ActiveCfg = Release|Any CPU
		{C4AF34E7-7765-421E-BFB8-21C262E85183}.Release|Any CPU.Build.0 = Release|Any CPU
		{AE7ADE30-7519-4729-BE76-7C03458E24C1}.Debug|Any CPU.ActiveCfg = Debug|Any CPU
		{AE7ADE30-7519-4729-BE76-7C03458E24C1}.Debug|Any CPU.Build.0 = Debug|Any CPU
		{AE7ADE30-7519-4729-BE76-7C03458E24C1}.Release|Any CPU.ActiveCfg = Release|Any CPU
		{AE7ADE30-7519-4729-BE76-7C03458E24C1}.Release|Any CPU.Build.0 = Release|Any CPU
		{30B30C7C-0A96-49D1-BAF5-FE2CBE036644}.Debug|Any CPU.ActiveCfg = Debug|Any CPU
		{30B30C7C-0A96-49D1-BAF5-FE2CBE036644}.Debug|Any CPU.Build.0 = Debug|Any CPU
		{30B30C7C-0A96-49D1-BAF5-FE2CBE036644}.Release|Any CPU.ActiveCfg = Release|Any CPU
		{30B30C7C-0A96-49D1-BAF5-FE2CBE036644}.Release|Any CPU.Build.0 = Release|Any CPU
		{07241E39-2D9F-4061-B8E5-1B4419328EEA}.Debug|Any CPU.ActiveCfg = Debug|Any CPU
		{07241E39-2D9F-4061-B8E5-1B4419328EEA}.Debug|Any CPU.Build.0 = Debug|Any CPU
		{07241E39-2D9F-4061-B8E5-1B4419328EEA}.Release|Any CPU.ActiveCfg = Release|Any CPU
		{07241E39-2D9F-4061-B8E5-1B4419328EEA}.Release|Any CPU.Build.0 = Release|Any CPU
	EndGlobalSection
	GlobalSection(SolutionProperties) = preSolution
		HideSolutionNode = FALSE
	EndGlobalSection
	GlobalSection(NestedProjects) = preSolution
		{99879012-B121-43BD-A495-5DC600CF8C81} = {DCDD6CEA-8978-42F7-94F8-CD4B9672634D}
		{D155051D-0FB1-407B-AD46-8A9F9793A3FF} = {DCDD6CEA-8978-42F7-94F8-CD4B9672634D}
		{C4AF34E7-7765-421E-BFB8-21C262E85183} = {DCDD6CEA-8978-42F7-94F8-CD4B9672634D}
		{AE7ADE30-7519-4729-BE76-7C03458E24C1} = {5CE13385-3A06-448C-B9A7-8C3F270E301A}
		{30B30C7C-0A96-49D1-BAF5-FE2CBE036644} = {5CE13385-3A06-448C-B9A7-8C3F270E301A}
		{07241E39-2D9F-4061-B8E5-1B4419328EEA} = {5CE13385-3A06-448C-B9A7-8C3F270E301A}
	EndGlobalSection
	GlobalSection(ExtensibilityGlobals) = postSolution
		SolutionGuid = {96941D98-1144-4045-9D84-423407C6E937}
	EndGlobalSection
EndGlobal
